
Microsoft Visual Studio Solution File, Format Version 12.00
# Visual Studio Version 16
VisualStudioVersion = 16.0.808.3
MinimumVisualStudioVersion = 10.0.40219.1
Project("{FAE04EC0-301F-11D3-BF4B-00C04F79EFBC}") = "CalendarCarouselView.Android", "CalendarCarouselView.Android\CalendarCarouselView.Android.csproj", "{C2BA370B-76EA-4531-AE02-E18BD13D1484}"
EndProject
Project("{FAE04EC0-301F-11D3-BF4B-00C04F79EFBC}") = "CalendarCarouselView.iOS", "CalendarCarouselView.iOS\CalendarCarouselView.iOS.csproj", "{21DA60DD-9681-47DF-8799-351ED9AF9812}"
EndProject
Project("{FAE04EC0-301F-11D3-BF4B-00C04F79EFBC}") = "CalendarCarouselView", "CalendarCarouselView\CalendarCarouselView.csproj", "{7AF288AC-0820-4913-BF84-EEC3AB747E41}"
EndProject
Global
	GlobalSection(SolutionConfigurationPlatforms) = preSolution
		Debug|Any CPU = Debug|Any CPU
		Release|Any CPU = Release|Any CPU
		Debug|iPhoneSimulator = Debug|iPhoneSimulator
		Release|iPhoneSimulator = Release|iPhoneSimulator
		Debug|iPhone = Debug|iPhone
		Release|iPhone = Release|iPhone
	EndGlobalSection
	GlobalSection(ProjectConfigurationPlatforms) = postSolution
		{C2BA370B-76EA-4531-AE02-E18BD13D1484}.Debug|Any CPU.ActiveCfg = Debug|Any CPU
		{C2BA370B-76EA-4531-AE02-E18BD13D1484}.Debug|Any CPU.Build.0 = Debug|Any CPU
		{C2BA370B-76EA-4531-AE02-E18BD13D1484}.Release|Any CPU.ActiveCfg = Release|Any CPU
		{C2BA370B-76EA-4531-AE02-E18BD13D1484}.Release|Any CPU.Build.0 = Release|Any CPU
		{C2BA370B-76EA-4531-AE02-E18BD13D1484}.Debug|iPhoneSimulator.ActiveCfg = Debug|Any CPU
		{C2BA370B-76EA-4531-AE02-E18BD13D1484}.Debug|iPhoneSimulator.Build.0 = Debug|Any CPU
		{C2BA370B-76EA-4531-AE02-E18BD13D1484}.Release|iPhoneSimulator.ActiveCfg = Release|Any CPU
		{C2BA370B-76EA-4531-AE02-E18BD13D1484}.Release|iPhoneSimulator.Build.0 = Release|Any CPU
		{C2BA370B-76EA-4531-AE02-E18BD13D1484}.Debug|iPhone.ActiveCfg = Debug|Any CPU
		{C2BA370B-76EA-4531-AE02-E18BD13D1484}.Debug|iPhone.Build.0 = Debug|Any CPU
		{C2BA370B-76EA-4531-AE02-E18BD13D1484}.Release|iPhone.ActiveCfg = Release|Any CPU
		{C2BA370B-76EA-4531-AE02-E18BD13D1484}.Release|iPhone.Build.0 = Release|Any CPU
		{21DA60DD-9681-47DF-8799-351ED9AF9812}.Debug|Any CPU.ActiveCfg = Debug|iPhoneSimulator
		{21DA60DD-9681-47DF-8799-351ED9AF9812}.Debug|Any CPU.Build.0 = Debug|iPhoneSimulator
		{21DA60DD-9681-47DF-8799-351ED9AF9812}.Release|Any CPU.ActiveCfg = Release|iPhoneSimulator
		{21DA60DD-9681-47DF-8799-351ED9AF9812}.Release|Any CPU.Build.0 = Release|iPhoneSimulator
		{21DA60DD-9681-47DF-8799-351ED9AF9812}.Debug|iPhoneSimulator.ActiveCfg = Debug|iPhoneSimulator
		{21DA60DD-9681-47DF-8799-351ED9AF9812}.Debug|iPhoneSimulator.Build.0 = Debug|iPhoneSimulator
		{21DA60DD-9681-47DF-8799-351ED9AF9812}.Release|iPhoneSimulator.ActiveCfg = Release|iPhoneSimulator
		{21DA60DD-9681-47DF-8799-351ED9AF9812}.Release|iPhoneSimulator.Build.0 = Release|iPhoneSimulator
		{21DA60DD-9681-47DF-8799-351ED9AF9812}.Debug|iPhone.ActiveCfg = Debug|iPhone
		{21DA60DD-9681-47DF-8799-351ED9AF9812}.Debug|iPhone.Build.0 = Debug|iPhone
		{21DA60DD-9681-47DF-8799-351ED9AF9812}.Release|iPhone.ActiveCfg = Release|iPhone
		{21DA60DD-9681-47DF-8799-351ED9AF9812}.Release|iPhone.Build.0 = Release|iPhone
		{7AF288AC-0820-4913-BF84-EEC3AB747E41}.Debug|Any CPU.ActiveCfg = Debug|Any CPU
		{7AF288AC-0820-4913-BF84-EEC3AB747E41}.Debug|Any CPU.Build.0 = Debug|Any CPU
		{7AF288AC-0820-4913-BF84-EEC3AB747E41}.Release|Any CPU.ActiveCfg = Release|Any CPU
		{7AF288AC-0820-4913-BF84-EEC3AB747E41}.Release|Any CPU.Build.0 = Release|Any CPU
		{7AF288AC-0820-4913-BF84-EEC3AB747E41}.Debug|iPhoneSimulator.ActiveCfg = Debug|Any CPU
		{7AF288AC-0820-4913-BF84-EEC3AB747E41}.Debug|iPhoneSimulator.Build.0 = Debug|Any CPU
		{7AF288AC-0820-4913-BF84-EEC3AB747E41}.Release|iPhoneSimulator.ActiveCfg = Release|Any CPU
		{7AF288AC-0820-4913-BF84-EEC3AB747E41}.Release|iPhoneSimulator.Build.0 = Release|Any CPU
		{7AF288AC-0820-4913-BF84-EEC3AB747E41}.Debug|iPhone.ActiveCfg = Debug|Any CPU
		{7AF288AC-0820-4913-BF84-EEC3AB747E41}.Debug|iPhone.Build.0 = Debug|Any CPU
		{7AF288AC-0820-4913-BF84-EEC3AB747E41}.Release|iPhone.ActiveCfg = Release|Any CPU
		{7AF288AC-0820-4913-BF84-EEC3AB747E41}.Release|iPhone.Build.0 = Release|Any CPU
	EndGlobalSection
	GlobalSection(SolutionProperties) = preSolution
		HideSolutionNode = FALSE
	EndGlobalSection
	GlobalSection(ExtensibilityGlobals) = postSolution
		SolutionGuid = {DD57A070-6420-4DD6-BA2C-C35AA02CC35C}
	EndGlobalSection
EndGlobal
